
Microsoft Visual Studio Solution File, Format Version 12.00
# Visual Studio Version 17
VisualStudioVersion = 17.3.32825.248
MinimumVisualStudioVersion = 10.0.40219.1
Project("{FAE04EC0-301F-11D3-BF4B-00C04F79EFBC}") = "WPF", "WPF.csproj", "{7733070F-877E-4B5F-87C9-9257B59804CD}"
EndProject
Global
	GlobalSection(SolutionConfigurationPlatforms) = preSolution
		Debug|Any CPU = Debug|Any CPU
		Release|Any CPU = Release|Any CPU
	EndGlobalSection
	GlobalSection(ProjectConfigurationPlatforms) = postSolution
		{7733070F-877E-4B5F-87C9-9257B59804CD}.Debug|Any CPU.ActiveCfg = Debug|Any CPU
		{7733070F-877E-4B5F-87C9-9257B59804CD}.Debug|Any CPU.Build.0 = Debug|Any CPU
		{7733070F-877E-4B5F-87C9-9257B59804CD}.Release|Any CPU.ActiveCfg = Release|Any CPU
		{7733070F-877E-4B5F-87C9-9257B59804CD}.Release|Any CPU.Build.0 = Release|Any CPU
	EndGlobalSection
	GlobalSection(SolutionProperties) = preSolution
		HideSolutionNode = FALSE
	EndGlobalSection
	GlobalSection(ExtensibilityGlobals) = postSolution
		SolutionGuid = {ABD13580-81E4-458F-B514-55AD3F43D289}
	EndGlobalSection
EndGlobal
